
Microsoft Visual Studio Solution File, Format Version 12.00
# Visual Studio Version 16
VisualStudioVersion = 16.0.31424.327
MinimumVisualStudioVersion = 10.0.40219.1
Project("{2150E333-8FDC-42A3-9474-1A3956D46DE8}") = "Complexity", "Complexity", "{83FE94AC-9E29-43DB-BB23-CA9919341EF6}"
EndProject
Project("{9A19103F-16F7-4668-BE54-9A1E7A4F7556}") = "DynamicList", "Complexity\DynamicList\DynamicList.csproj", "{0B01BB44-FCFE-4371-8FCA-691476C04DEC}"
EndProject
Project("{9A19103F-16F7-4668-BE54-9A1E7A4F7556}") = "StaticList", "Complexity\StaticList\StaticList.csproj", "{793CE103-AE3D-480F-B7C3-D6CB21EAFA4A}"
EndProject
Project("{2150E333-8FDC-42A3-9474-1A3956D46DE8}") = "LinearDataStructures", "LinearDataStructures", "{8774C7B0-B1AF-4DC3-A01F-96B225DB3846}"
EndProject
Project("{9A19103F-16F7-4668-BE54-9A1E7A4F7556}") = "01.FasterQueue", "LinearDataStructures\01.FasterQueue\01.FasterQueue.csproj", "{0C44484B-F03E-4D0E-BCCE-9E2A9FA69A81}"
EndProject
Project("{9A19103F-16F7-4668-BE54-9A1E7A4F7556}") = "01.FasterQueue.Tests", "LinearDataStructures\01.FasterQueue.Tests\01.FasterQueue.Tests.csproj", "{6575E6AF-7F9D-4A47-9D42-4051286CE9C0}"
EndProject
Project("{9A19103F-16F7-4668-BE54-9A1E7A4F7556}") = "02.DoublyLinkedList", "LinearDataStructures\02.DoublyLinkedList\02.DoublyLinkedList.csproj", "{D70706DF-7093-4C5D-8D94-CC1C8D88B342}"
EndProject
Project("{9A19103F-16F7-4668-BE54-9A1E7A4F7556}") = "02.DoublyLinkedList.Tests", "LinearDataStructures\02.DoublyLinkedList.Tests\02.DoublyLinkedList.Tests.csproj", "{31AB7877-6427-4304-A24D-F35AF32FE9C5}"
EndProject
Project("{9A19103F-16F7-4668-BE54-9A1E7A4F7556}") = "03.ReversedList", "LinearDataStructures\03.ReversedList\03.ReversedList.csproj", "{D3325843-D047-4663-A872-03A6BF5DCFFD}"
EndProject
Project("{9A19103F-16F7-4668-BE54-9A1E7A4F7556}") = "03.ReversedList.Tests", "LinearDataStructures\03.ReversedList.Tests\03.ReversedList.Tests.csproj", "{8D997E88-4CF8-43AB-B339-F95CDAF55CAC}"
EndProject
Project("{9A19103F-16F7-4668-BE54-9A1E7A4F7556}") = "04.BalancedParentheses", "LinearDataStructures\04.BalancedParentheses\04.BalancedParentheses.csproj", "{9715F4E3-F041-4491-B461-EB6A7D0D0C65}"
EndProject
Project("{9A19103F-16F7-4668-BE54-9A1E7A4F7556}") = "04.BP.Tests", "LinearDataStructures\04.BP.Tests\04.BP.Tests.csproj", "{9B7E0B0B-EF59-4EF2-AB05-0951BD149DEB}"
EndProject
Project("{9A19103F-16F7-4668-BE54-9A1E7A4F7556}") = "Problem01.List", "LinearDataStructures\Problem01.List\Problem01.List.csproj", "{6479FD41-3CA7-44FF-918E-FFCD4BC6A3B4}"
EndProject
Project("{9A19103F-16F7-4668-BE54-9A1E7A4F7556}") = "Problem01.List.Tests", "LinearDataStructures\Problem01.List.Tests\Problem01.List.Tests.csproj", "{5C964396-8F2D-4112-9330-84EBFDFD4678}"
EndProject
Project("{9A19103F-16F7-4668-BE54-9A1E7A4F7556}") = "Problem02.Stack", "LinearDataStructures\Problem02.Stack\Problem02.Stack.csproj", "{43AF3DDF-8B8D-4E3A-94F1-0BDAAAD0FDC5}"
EndProject
Project("{9A19103F-16F7-4668-BE54-9A1E7A4F7556}") = "Problem02.Stack.Tests", "LinearDataStructures\Problem02.Stack.Tests\Problem02.Stack.Tests.csproj", "{6E6853A3-CCB5-4D96-BC76-CF35DF6CD855}"
EndProject
Project("{9A19103F-16F7-4668-BE54-9A1E7A4F7556}") = "Problem03.Queue", "LinearDataStructures\Problem03.Queue\Problem03.Queue.csproj", "{41B4DD58-D089-4F80-A421-2125C4752D2D}"
EndProject
Project("{9A19103F-16F7-4668-BE54-9A1E7A4F7556}") = "Problem03.Queue.Tests", "LinearDataStructures\Problem03.Queue.Tests\Problem03.Queue.Tests.csproj", "{8B056899-5EB5-4718-86E9-CC0C7CDC2BAB}"
EndProject
Project("{9A19103F-16F7-4668-BE54-9A1E7A4F7556}") = "Problem04.SinglyLinkedList", "LinearDataStructures\Problem04.SinglyLinkedList\Problem04.SinglyLinkedList.csproj", "{0F9A6D95-6235-4B79-9E49-DE276DF5FB70}"
EndProject
Project("{9A19103F-16F7-4668-BE54-9A1E7A4F7556}") = "SinglyLinkedList.Tests", "LinearDataStructures\SinglyLinkedList.Tests\SinglyLinkedList.Tests.csproj", "{2AC357D9-87F2-49B8-AF31-DC63FF7B4568}"
EndProject
Project("{2150E333-8FDC-42A3-9474-1A3956D46DE8}") = "Trees", "Trees", "{21708307-D5B7-4036-A78C-4805E1B3E8F0}"
EndProject
Project("{9A19103F-16F7-4668-BE54-9A1E7A4F7556}") = "Tree.Tests", "Trees\Tree.Tests\Tree.Tests.csproj", "{AF99472A-1BB2-4E3D-BDA0-459FDDB0B8EC}"
EndProject
Project("{9A19103F-16F7-4668-BE54-9A1E7A4F7556}") = "Tree", "Trees\Tree\Tree.csproj", "{53A8247B-160F-48A0-86CC-DD2034352BA4}"
EndProject
Global
	GlobalSection(SolutionConfigurationPlatforms) = preSolution
		Debug|Any CPU = Debug|Any CPU
		Release|Any CPU = Release|Any CPU
	EndGlobalSection
	GlobalSection(ProjectConfigurationPlatforms) = postSolution
		{0B01BB44-FCFE-4371-8FCA-691476C04DEC}.Debug|Any CPU.ActiveCfg = Debug|Any CPU
		{0B01BB44-FCFE-4371-8FCA-691476C04DEC}.Debug|Any CPU.Build.0 = Debug|Any CPU
		{0B01BB44-FCFE-4371-8FCA-691476C04DEC}.Release|Any CPU.ActiveCfg = Release|Any CPU
		{0B01BB44-FCFE-4371-8FCA-691476C04DEC}.Release|Any CPU.Build.0 = Release|Any CPU
		{793CE103-AE3D-480F-B7C3-D6CB21EAFA4A}.Debug|Any CPU.ActiveCfg = Debug|Any CPU
		{793CE103-AE3D-480F-B7C3-D6CB21EAFA4A}.Debug|Any CPU.Build.0 = Debug|Any CPU
		{793CE103-AE3D-480F-B7C3-D6CB21EAFA4A}.Release|Any CPU.ActiveCfg = Release|Any CPU
		{793CE103-AE3D-480F-B7C3-D6CB21EAFA4A}.Release|Any CPU.Build.0 = Release|Any CPU
		{0C44484B-F03E-4D0E-BCCE-9E2A9FA69A81}.Debug|Any CPU.ActiveCfg = Debug|Any CPU
		{0C44484B-F03E-4D0E-BCCE-9E2A9FA69A81}.Debug|Any CPU.Build.0 = Debug|Any CPU
		{0C44484B-F03E-4D0E-BCCE-9E2A9FA69A81}.Release|Any CPU.ActiveCfg = Release|Any CPU
		{0C44484B-F03E-4D0E-BCCE-9E2A9FA69A81}.Release|Any CPU.Build.0 = Release|Any CPU
		{6575E6AF-7F9D-4A47-9D42-4051286CE9C0}.Debug|Any CPU.ActiveCfg = Debug|Any CPU
		{6575E6AF-7F9D-4A47-9D42-4051286CE9C0}.Debug|Any CPU.Build.0 = Debug|Any CPU
		{6575E6AF-7F9D-4A47-9D42-4051286CE9C0}.Release|Any CPU.ActiveCfg = Release|Any CPU
		{6575E6AF-7F9D-4A47-9D42-4051286CE9C0}.Release|Any CPU.Build.0 = Release|Any CPU
		{D70706DF-7093-4C5D-8D94-CC1C8D88B342}.Debug|Any CPU.ActiveCfg = Debug|Any CPU
		{D70706DF-7093-4C5D-8D94-CC1C8D88B342}.Debug|Any CPU.Build.0 = Debug|Any CPU
		{D70706DF-7093-4C5D-8D94-CC1C8D88B342}.Release|Any CPU.ActiveCfg = Release|Any CPU
		{D70706DF-7093-4C5D-8D94-CC1C8D88B342}.Release|Any CPU.Build.0 = Release|Any CPU
		{31AB7877-6427-4304-A24D-F35AF32FE9C5}.Debug|Any CPU.ActiveCfg = Debug|Any CPU
		{31AB7877-6427-4304-A24D-F35AF32FE9C5}.Debug|Any CPU.Build.0 = Debug|Any CPU
		{31AB7877-6427-4304-A24D-F35AF32FE9C5}.Release|Any CPU.ActiveCfg = Release|Any CPU
		{31AB7877-6427-4304-A24D-F35AF32FE9C5}.Release|Any CPU.Build.0 = Release|Any CPU
		{D3325843-D047-4663-A872-03A6BF5DCFFD}.Debug|Any CPU.ActiveCfg = Debug|Any CPU
		{D3325843-D047-4663-A872-03A6BF5DCFFD}.Debug|Any CPU.Build.0 = Debug|Any CPU
		{D3325843-D047-4663-A872-03A6BF5DCFFD}.Release|Any CPU.ActiveCfg = Release|Any CPU
		{D3325843-D047-4663-A872-03A6BF5DCFFD}.Release|Any CPU.Build.0 = Release|Any CPU
		{8D997E88-4CF8-43AB-B339-F95CDAF55CAC}.Debug|Any CPU.ActiveCfg = Debug|Any CPU
		{8D997E88-4CF8-43AB-B339-F95CDAF55CAC}.Debug|Any CPU.Build.0 = Debug|Any CPU
		{8D997E88-4CF8-43AB-B339-F95CDAF55CAC}.Release|Any CPU.ActiveCfg = Release|Any CPU
		{8D997E88-4CF8-43AB-B339-F95CDAF55CAC}.Release|Any CPU.Build.0 = Release|Any CPU
		{9715F4E3-F041-4491-B461-EB6A7D0D0C65}.Debug|Any CPU.ActiveCfg = Debug|Any CPU
		{9715F4E3-F041-4491-B461-EB6A7D0D0C65}.Debug|Any CPU.Build.0 = Debug|Any CPU
		{9715F4E3-F041-4491-B461-EB6A7D0D0C65}.Release|Any CPU.ActiveCfg = Release|Any CPU
		{9715F4E3-F041-4491-B461-EB6A7D0D0C65}.Release|Any CPU.Build.0 = Release|Any CPU
		{9B7E0B0B-EF59-4EF2-AB05-0951BD149DEB}.Debug|Any CPU.ActiveCfg = Debug|Any CPU
		{9B7E0B0B-EF59-4EF2-AB05-0951BD149DEB}.Debug|Any CPU.Build.0 = Debug|Any CPU
		{9B7E0B0B-EF59-4EF2-AB05-0951BD149DEB}.Release|Any CPU.ActiveCfg = Release|Any CPU
		{9B7E0B0B-EF59-4EF2-AB05-0951BD149DEB}.Release|Any CPU.Build.0 = Release|Any CPU
		{6479FD41-3CA7-44FF-918E-FFCD4BC6A3B4}.Debug|Any CPU.ActiveCfg = Debug|Any CPU
		{6479FD41-3CA7-44FF-918E-FFCD4BC6A3B4}.Debug|Any CPU.Build.0 = Debug|Any CPU
		{6479FD41-3CA7-44FF-918E-FFCD4BC6A3B4}.Release|Any CPU.ActiveCfg = Release|Any CPU
		{6479FD41-3CA7-44FF-918E-FFCD4BC6A3B4}.Release|Any CPU.Build.0 = Release|Any CPU
		{5C964396-8F2D-4112-9330-84EBFDFD4678}.Debug|Any CPU.ActiveCfg = Debug|Any CPU
		{5C964396-8F2D-4112-9330-84EBFDFD4678}.Debug|Any CPU.Build.0 = Debug|Any CPU
		{5C964396-8F2D-4112-9330-84EBFDFD4678}.Release|Any CPU.ActiveCfg = Release|Any CPU
		{5C964396-8F2D-4112-9330-84EBFDFD4678}.Release|Any CPU.Build.0 = Release|Any CPU
		{43AF3DDF-8B8D-4E3A-94F1-0BDAAAD0FDC5}.Debug|Any CPU.ActiveCfg = Debug|Any CPU
		{43AF3DDF-8B8D-4E3A-94F1-0BDAAAD0FDC5}.Debug|Any CPU.Build.0 = Debug|Any CPU
		{43AF3DDF-8B8D-4E3A-94F1-0BDAAAD0FDC5}.Release|Any CPU.ActiveCfg = Release|Any CPU
		{43AF3DDF-8B8D-4E3A-94F1-0BDAAAD0FDC5}.Release|Any CPU.Build.0 = Release|Any CPU
		{6E6853A3-CCB5-4D96-BC76-CF35DF6CD855}.Debug|Any CPU.ActiveCfg = Debug|Any CPU
		{6E6853A3-CCB5-4D96-BC76-CF35DF6CD855}.Debug|Any CPU.Build.0 = Debug|Any CPU
		{6E6853A3-CCB5-4D96-BC76-CF35DF6CD855}.Release|Any CPU.ActiveCfg = Release|Any CPU
		{6E6853A3-CCB5-4D96-BC76-CF35DF6CD855}.Release|Any CPU.Build.0 = Release|Any CPU
		{41B4DD58-D089-4F80-A421-2125C4752D2D}.Debug|Any CPU.ActiveCfg = Debug|Any CPU
		{41B4DD58-D089-4F80-A421-2125C4752D2D}.Debug|Any CPU.Build.0 = Debug|Any CPU
		{41B4DD58-D089-4F80-A421-2125C4752D2D}.Release|Any CPU.ActiveCfg = Release|Any CPU
		{41B4DD58-D089-4F80-A421-2125C4752D2D}.Release|Any CPU.Build.0 = Release|Any CPU
		{8B056899-5EB5-4718-86E9-CC0C7CDC2BAB}.Debug|Any CPU.ActiveCfg = Debug|Any CPU
		{8B056899-5EB5-4718-86E9-CC0C7CDC2BAB}.Debug|Any CPU.Build.0 = Debug|Any CPU
		{8B056899-5EB5-4718-86E9-CC0C7CDC2BAB}.Release|Any CPU.ActiveCfg = Release|Any CPU
		{8B056899-5EB5-4718-86E9-CC0C7CDC2BAB}.Release|Any CPU.Build.0 = Release|Any CPU
		{0F9A6D95-6235-4B79-9E49-DE276DF5FB70}.Debug|Any CPU.ActiveCfg = Debug|Any CPU
		{0F9A6D95-6235-4B79-9E49-DE276DF5FB70}.Debug|Any CPU.Build.0 = Debug|Any CPU
		{0F9A6D95-6235-4B79-9E49-DE276DF5FB70}.Release|Any CPU.ActiveCfg = Release|Any CPU
		{0F9A6D95-6235-4B79-9E49-DE276DF5FB70}.Release|Any CPU.Build.0 = Release|Any CPU
		{2AC357D9-87F2-49B8-AF31-DC63FF7B4568}.Debug|Any CPU.ActiveCfg = Debug|Any CPU
		{2AC357D9-87F2-49B8-AF31-DC63FF7B4568}.Debug|Any CPU.Build.0 = Debug|Any CPU
		{2AC357D9-87F2-49B8-AF31-DC63FF7B4568}.Release|Any CPU.ActiveCfg = Release|Any CPU
		{2AC357D9-87F2-49B8-AF31-DC63FF7B4568}.Release|Any CPU.Build.0 = Release|Any CPU
		{AF99472A-1BB2-4E3D-BDA0-459FDDB0B8EC}.Debug|Any CPU.ActiveCfg = Debug|Any CPU
		{AF99472A-1BB2-4E3D-BDA0-459FDDB0B8EC}.Debug|Any CPU.Build.0 = Debug|Any CPU
		{AF99472A-1BB2-4E3D-BDA0-459FDDB0B8EC}.Release|Any CPU.ActiveCfg = Release|Any CPU
		{AF99472A-1BB2-4E3D-BDA0-459FDDB0B8EC}.Release|Any CPU.Build.0 = Release|Any CPU
		{53A8247B-160F-48A0-86CC-DD2034352BA4}.Debug|Any CPU.ActiveCfg = Debug|Any CPU
		{53A8247B-160F-48A0-86CC-DD2034352BA4}.Debug|Any CPU.Build.0 = Debug|Any CPU
		{53A8247B-160F-48A0-86CC-DD2034352BA4}.Release|Any CPU.ActiveCfg = Release|Any CPU
		{53A8247B-160F-48A0-86CC-DD2034352BA4}.Release|Any CPU.Build.0 = Release|Any CPU
	EndGlobalSection
	GlobalSection(SolutionProperties) = preSolution
		HideSolutionNode = FALSE
	EndGlobalSection
	GlobalSection(NestedProjects) = preSolution
		{0B01BB44-FCFE-4371-8FCA-691476C04DEC} = {83FE94AC-9E29-43DB-BB23-CA9919341EF6}
		{793CE103-AE3D-480F-B7C3-D6CB21EAFA4A} = {83FE94AC-9E29-43DB-BB23-CA9919341EF6}
		{0C44484B-F03E-4D0E-BCCE-9E2A9FA69A81} = {8774C7B0-B1AF-4DC3-A01F-96B225DB3846}
		{6575E6AF-7F9D-4A47-9D42-4051286CE9C0} = {8774C7B0-B1AF-4DC3-A01F-96B225DB3846}
		{D70706DF-7093-4C5D-8D94-CC1C8D88B342} = {8774C7B0-B1AF-4DC3-A01F-96B225DB3846}
		{31AB7877-6427-4304-A24D-F35AF32FE9C5} = {8774C7B0-B1AF-4DC3-A01F-96B225DB3846}
		{D3325843-D047-4663-A872-03A6BF5DCFFD} = {8774C7B0-B1AF-4DC3-A01F-96B225DB3846}
		{8D997E88-4CF8-43AB-B339-F95CDAF55CAC} = {8774C7B0-B1AF-4DC3-A01F-96B225DB3846}
		{9715F4E3-F041-4491-B461-EB6A7D0D0C65} = {8774C7B0-B1AF-4DC3-A01F-96B225DB3846}
		{9B7E0B0B-EF59-4EF2-AB05-0951BD149DEB} = {8774C7B0-B1AF-4DC3-A01F-96B225DB3846}
		{6479FD41-3CA7-44FF-918E-FFCD4BC6A3B4} = {8774C7B0-B1AF-4DC3-A01F-96B225DB3846}
		{5C964396-8F2D-4112-9330-84EBFDFD4678} = {8774C7B0-B1AF-4DC3-A01F-96B225DB3846}
		{43AF3DDF-8B8D-4E3A-94F1-0BDAAAD0FDC5} = {8774C7B0-B1AF-4DC3-A01F-96B225DB3846}
		{6E6853A3-CCB5-4D96-BC76-CF35DF6CD855} = {8774C7B0-B1AF-4DC3-A01F-96B225DB3846}
		{41B4DD58-D089-4F80-A421-2125C4752D2D} = {8774C7B0-B1AF-4DC3-A01F-96B225DB3846}
		{8B056899-5EB5-4718-86E9-CC0C7CDC2BAB} = {8774C7B0-B1AF-4DC3-A01F-96B225DB3846}
		{0F9A6D95-6235-4B79-9E49-DE276DF5FB70} = {8774C7B0-B1AF-4DC3-A01F-96B225DB3846}
		{2AC357D9-87F2-49B8-AF31-DC63FF7B4568} = {8774C7B0-B1AF-4DC3-A01F-96B225DB3846}
		{AF99472A-1BB2-4E3D-BDA0-459FDDB0B8EC} = {21708307-D5B7-4036-A78C-4805E1B3E8F0}
		{53A8247B-160F-48A0-86CC-DD2034352BA4} = {21708307-D5B7-4036-A78C-4805E1B3E8F0}
	EndGlobalSection
	GlobalSection(ExtensibilityGlobals) = postSolution
		SolutionGuid = {E8136BE6-C941-4182-8122-082C23D8C378}
	EndGlobalSection
EndGlobal
