
Microsoft Visual Studio Solution File, Format Version 12.00
# Visual Studio Version 16
VisualStudioVersion = 16.0.31424.327
MinimumVisualStudioVersion = 10.0.40219.1
Project("{2150E333-8FDC-42A3-9474-1A3956D46DE8}") = "Complexity", "Complexity", "{83FE94AC-9E29-43DB-BB23-CA9919341EF6}"
EndProject
Project("{9A19103F-16F7-4668-BE54-9A1E7A4F7556}") = "DynamicList", "Complexity\DynamicList\DynamicList.csproj", "{0B01BB44-FCFE-4371-8FCA-691476C04DEC}"
EndProject
Project("{9A19103F-16F7-4668-BE54-9A1E7A4F7556}") = "StaticList", "Complexity\StaticList\StaticList.csproj", "{793CE103-AE3D-480F-B7C3-D6CB21EAFA4A}"
EndProject
Project("{2150E333-8FDC-42A3-9474-1A3956D46DE8}") = "LinearDataStructures", "LinearDataStructures", "{8774C7B0-B1AF-4DC3-A01F-96B225DB3846}"
EndProject
Project("{9A19103F-16F7-4668-BE54-9A1E7A4F7556}") = "01.FasterQueue", "LinearDataStructures\01.FasterQueue\01.FasterQueue.csproj", "{0C44484B-F03E-4D0E-BCCE-9E2A9FA69A81}"
EndProject
Project("{9A19103F-16F7-4668-BE54-9A1E7A4F7556}") = "01.FasterQueue.Tests", "LinearDataStructures\01.FasterQueue.Tests\01.FasterQueue.Tests.csproj", "{6575E6AF-7F9D-4A47-9D42-4051286CE9C0}"
EndProject
Project("{9A19103F-16F7-4668-BE54-9A1E7A4F7556}") = "02.DoublyLinkedList", "LinearDataStructures\02.DoublyLinkedList\02.DoublyLinkedList.csproj", "{D70706DF-7093-4C5D-8D94-CC1C8D88B342}"
EndProject
Project("{9A19103F-16F7-4668-BE54-9A1E7A4F7556}") = "02.DoublyLinkedList.Tests", "LinearDataStructures\02.DoublyLinkedList.Tests\02.DoublyLinkedList.Tests.csproj", "{31AB7877-6427-4304-A24D-F35AF32FE9C5}"
EndProject
Project("{9A19103F-16F7-4668-BE54-9A1E7A4F7556}") = "03.ReversedList", "LinearDataStructures\03.ReversedList\03.ReversedList.csproj", "{D3325843-D047-4663-A872-03A6BF5DCFFD}"
EndProject
Project("{9A19103F-16F7-4668-BE54-9A1E7A4F7556}") = "03.ReversedList.Tests", "LinearDataStructures\03.ReversedList.Tests\03.ReversedList.Tests.csproj", "{8D997E88-4CF8-43AB-B339-F95CDAF55CAC}"
EndProject
Project("{9A19103F-16F7-4668-BE54-9A1E7A4F7556}") = "04.BalancedParentheses", "LinearDataStructures\04.BalancedParentheses\04.BalancedParentheses.csproj", "{9715F4E3-F041-4491-B461-EB6A7D0D0C65}"
EndProject
Project("{9A19103F-16F7-4668-BE54-9A1E7A4F7556}") = "04.BP.Tests", "LinearDataStructures\04.BP.Tests\04.BP.Tests.csproj", "{9B7E0B0B-EF59-4EF2-AB05-0951BD149DEB}"
EndProject
Project("{9A19103F-16F7-4668-BE54-9A1E7A4F7556}") = "Problem01.List", "LinearDataStructures\Problem01.List\Problem01.List.csproj", "{6479FD41-3CA7-44FF-918E-FFCD4BC6A3B4}"
EndProject
Project("{9A19103F-16F7-4668-BE54-9A1E7A4F7556}") = "Problem01.List.Tests", "LinearDataStructures\Problem01.List.Tests\Problem01.List.Tests.csproj", "{5C964396-8F2D-4112-9330-84EBFDFD4678}"
EndProject
Project("{9A19103F-16F7-4668-BE54-9A1E7A4F7556}") = "Problem02.Stack", "LinearDataStructures\Problem02.Stack\Problem02.Stack.csproj", "{43AF3DDF-8B8D-4E3A-94F1-0BDAAAD0FDC5}"
EndProject
Project("{9A19103F-16F7-4668-BE54-9A1E7A4F7556}") = "Problem02.Stack.Tests", "LinearDataStructures\Problem02.Stack.Tests\Problem02.Stack.Tests.csproj", "{6E6853A3-CCB5-4D96-BC76-CF35DF6CD855}"
EndProject
Project("{9A19103F-16F7-4668-BE54-9A1E7A4F7556}") = "Problem03.Queue", "LinearDataStructures\Problem03.Queue\Problem03.Queue.csproj", "{41B4DD58-D089-4F80-A421-2125C4752D2D}"
EndProject
Project("{9A19103F-16F7-4668-BE54-9A1E7A4F7556}") = "Problem03.Queue.Tests", "LinearDataStructures\Problem03.Queue.Tests\Problem03.Queue.Tests.csproj", "{8B056899-5EB5-4718-86E9-CC0C7CDC2BAB}"
EndProject
Project("{9A19103F-16F7-4668-BE54-9A1E7A4F7556}") = "Problem04.SinglyLinkedList", "LinearDataStructures\Problem04.SinglyLinkedList\Problem04.SinglyLinkedList.csproj", "{0F9A6D95-6235-4B79-9E49-DE276DF5FB70}"
EndProject
Project("{9A19103F-16F7-4668-BE54-9A1E7A4F7556}") = "SinglyLinkedList.Tests", "LinearDataStructures\SinglyLinkedList.Tests\SinglyLinkedList.Tests.csproj", "{2AC357D9-87F2-49B8-AF31-DC63FF7B4568}"
EndProject
Project("{2150E333-8FDC-42A3-9474-1A3956D46DE8}") = "Trees", "Trees", "{21708307-D5B7-4036-A78C-4805E1B3E8F0}"
EndProject
Project("{9A19103F-16F7-4668-BE54-9A1E7A4F7556}") = "Tree.Tests", "Trees\Tree.Tests\Tree.Tests.csproj", "{AF99472A-1BB2-4E3D-BDA0-459FDDB0B8EC}"
EndProject
Project("{9A19103F-16F7-4668-BE54-9A1E7A4F7556}") = "Tree", "Trees\Tree\Tree.csproj", "{53A8247B-160F-48A0-86CC-DD2034352BA4}"
EndProject
Project("{9A19103F-16F7-4668-BE54-9A1E7A4F7556}") = "Tree2.Tests", "Trees\Tree2.Tests\Tree2.Tests.csproj", "{21E3B085-5589-4457-B975-0735FC61C7D0}"
EndProject
Project("{9A19103F-16F7-4668-BE54-9A1E7A4F7556}") = "Tree2", "Trees\Tree2\Tree2.csproj", "{C5F2D85E-FBBF-405E-AEF3-C48F338B6878}"
EndProject
Project("{2150E333-8FDC-42A3-9474-1A3956D46DE8}") = "BST and Heaps", "BST and Heaps", "{FE8114A5-C23A-4DE5-A1C8-A38E43980465}"
EndProject
Project("{9A19103F-16F7-4668-BE54-9A1E7A4F7556}") = "01.BinaryTree", "BST & Heaps\01.BinaryTree\01.BinaryTree.csproj", "{825F4070-72E8-4725-BA38-92CF2FF70B68}"
EndProject
Project("{9A19103F-16F7-4668-BE54-9A1E7A4F7556}") = "01.BinaryTree.Tests", "BST & Heaps\01.BinaryTree.Tests\01.BinaryTree.Tests.csproj", "{551DE861-057F-43CE-8C20-43880C05E609}"
EndProject
Project("{9A19103F-16F7-4668-BE54-9A1E7A4F7556}") = "02.MaxHeap", "BST & Heaps\02.MaxHeap\02.MaxHeap.csproj", "{5CDAC925-2110-49EA-8528-7D8BFDD53F2D}"
EndProject
Project("{9A19103F-16F7-4668-BE54-9A1E7A4F7556}") = "02.MaxHeap.Tests", "BST & Heaps\02.MaxHeap.Tests\02.MaxHeap.Tests.csproj", "{2375D266-3A97-4816-9FC3-978CA665F272}"
EndProject
Project("{9A19103F-16F7-4668-BE54-9A1E7A4F7556}") = "03.PriorityQueue", "BST & Heaps\03.PriorityQueue\03.PriorityQueue.csproj", "{AEE40E4A-6542-443F-BEB4-BE2E66B13D78}"
EndProject
Project("{9A19103F-16F7-4668-BE54-9A1E7A4F7556}") = "03.PriorityQueue.Tests", "BST & Heaps\03.PriorityQueue.Tests\03.PriorityQueue.Tests.csproj", "{D66864BF-0D8D-4C3E-9531-287B1FF6D925}"
EndProject
Project("{9A19103F-16F7-4668-BE54-9A1E7A4F7556}") = "04.BinarySearchTree", "BST & Heaps\04.BinarySearchTree\04.BinarySearchTree.csproj", "{42CFE5AE-9934-4A74-BAD4-A5CE14FDA92D}"
EndProject
Project("{9A19103F-16F7-4668-BE54-9A1E7A4F7556}") = "04.BinarySearchTree.Tests", "BST & Heaps\04.BinarySearchTree.Tests\04.BinarySearchTree.Tests.csproj", "{71DF290E-5929-40AC-B63C-714450FBB5A1}"
EndProject
Project("{9A19103F-16F7-4668-BE54-9A1E7A4F7556}") = "01.BSTOpearations.Tests", "BST & Heaps\01.BSTOpearations.Tests\01.BSTOpearations.Tests.csproj", "{D6967ED7-6379-43FF-AA09-37CB9052133E}"
EndProject
Project("{9A19103F-16F7-4668-BE54-9A1E7A4F7556}") = "01.BSTOperations", "BST & Heaps\01.BSTOperations\01.BSTOperations.csproj", "{BF2FC1D8-6D8B-41E4-81B5-793AA9B0FAFC}"
EndProject
Project("{9A19103F-16F7-4668-BE54-9A1E7A4F7556}") = "02.LowestCommonAncestor.Tests", "BST & Heaps\02.LowestCommonAncestor.Tests\02.LowestCommonAncestor.Tests.csproj", "{802CB2B9-1CC6-4C6E-906B-9CF083971697}"
EndProject
Project("{9A19103F-16F7-4668-BE54-9A1E7A4F7556}") = "02.LowestCommonAncestor", "BST & Heaps\02.LowestCommonAncestor\02.LowestCommonAncestor.csproj", "{AA186427-E355-4169-83C2-A67200AF10E8}"
EndProject
Project("{9A19103F-16F7-4668-BE54-9A1E7A4F7556}") = "03.MinHeap.Tests", "BST & Heaps\03.MinHeap.Tests\03.MinHeap.Tests.csproj", "{2851691C-D79B-4C92-8B63-B10BF091FF08}"
EndProject
Project("{9A19103F-16F7-4668-BE54-9A1E7A4F7556}") = "03.MinHeap", "BST & Heaps\03.MinHeap\03.MinHeap.csproj", "{B481F4C4-46D0-4CD3-9E73-BA066993C8ED}"
EndProject
Project("{9A19103F-16F7-4668-BE54-9A1E7A4F7556}") = "04.CookiesProblem.Tests", "BST & Heaps\04.CookiesProblem.Tests\04.CookiesProblem.Tests.csproj", "{68934F6C-FD91-4398-83F1-1AFACAD1315F}"
EndProject
Project("{9A19103F-16F7-4668-BE54-9A1E7A4F7556}") = "04.CookiesProblem", "BST & Heaps\04.CookiesProblem\04.CookiesProblem.csproj", "{57785F5B-73F6-476A-BB4E-41BCA142A2BF}"
EndProject
Project("{9A19103F-16F7-4668-BE54-9A1E7A4F7556}") = "05.TopView.Tests", "BST & Heaps\05.TopView.Tests\05.TopView.Tests.csproj", "{D5A0F972-27F2-49D1-A4A2-A94F18F04E98}"
EndProject
Project("{9A19103F-16F7-4668-BE54-9A1E7A4F7556}") = "05.TopView", "BST & Heaps\05.TopView\05.TopView.csproj", "{B08F6518-2EAF-4C87-814E-9762C3C66C98}"
EndProject
Global
	GlobalSection(SolutionConfigurationPlatforms) = preSolution
		Debug|Any CPU = Debug|Any CPU
		Release|Any CPU = Release|Any CPU
	EndGlobalSection
	GlobalSection(ProjectConfigurationPlatforms) = postSolution
		{0B01BB44-FCFE-4371-8FCA-691476C04DEC}.Debug|Any CPU.ActiveCfg = Debug|Any CPU
		{0B01BB44-FCFE-4371-8FCA-691476C04DEC}.Debug|Any CPU.Build.0 = Debug|Any CPU
		{0B01BB44-FCFE-4371-8FCA-691476C04DEC}.Release|Any CPU.ActiveCfg = Release|Any CPU
		{0B01BB44-FCFE-4371-8FCA-691476C04DEC}.Release|Any CPU.Build.0 = Release|Any CPU
		{793CE103-AE3D-480F-B7C3-D6CB21EAFA4A}.Debug|Any CPU.ActiveCfg = Debug|Any CPU
		{793CE103-AE3D-480F-B7C3-D6CB21EAFA4A}.Debug|Any CPU.Build.0 = Debug|Any CPU
		{793CE103-AE3D-480F-B7C3-D6CB21EAFA4A}.Release|Any CPU.ActiveCfg = Release|Any CPU
		{793CE103-AE3D-480F-B7C3-D6CB21EAFA4A}.Release|Any CPU.Build.0 = Release|Any CPU
		{0C44484B-F03E-4D0E-BCCE-9E2A9FA69A81}.Debug|Any CPU.ActiveCfg = Debug|Any CPU
		{0C44484B-F03E-4D0E-BCCE-9E2A9FA69A81}.Debug|Any CPU.Build.0 = Debug|Any CPU
		{0C44484B-F03E-4D0E-BCCE-9E2A9FA69A81}.Release|Any CPU.ActiveCfg = Release|Any CPU
		{0C44484B-F03E-4D0E-BCCE-9E2A9FA69A81}.Release|Any CPU.Build.0 = Release|Any CPU
		{6575E6AF-7F9D-4A47-9D42-4051286CE9C0}.Debug|Any CPU.ActiveCfg = Debug|Any CPU
		{6575E6AF-7F9D-4A47-9D42-4051286CE9C0}.Debug|Any CPU.Build.0 = Debug|Any CPU
		{6575E6AF-7F9D-4A47-9D42-4051286CE9C0}.Release|Any CPU.ActiveCfg = Release|Any CPU
		{6575E6AF-7F9D-4A47-9D42-4051286CE9C0}.Release|Any CPU.Build.0 = Release|Any CPU
		{D70706DF-7093-4C5D-8D94-CC1C8D88B342}.Debug|Any CPU.ActiveCfg = Debug|Any CPU
		{D70706DF-7093-4C5D-8D94-CC1C8D88B342}.Debug|Any CPU.Build.0 = Debug|Any CPU
		{D70706DF-7093-4C5D-8D94-CC1C8D88B342}.Release|Any CPU.ActiveCfg = Release|Any CPU
		{D70706DF-7093-4C5D-8D94-CC1C8D88B342}.Release|Any CPU.Build.0 = Release|Any CPU
		{31AB7877-6427-4304-A24D-F35AF32FE9C5}.Debug|Any CPU.ActiveCfg = Debug|Any CPU
		{31AB7877-6427-4304-A24D-F35AF32FE9C5}.Debug|Any CPU.Build.0 = Debug|Any CPU
		{31AB7877-6427-4304-A24D-F35AF32FE9C5}.Release|Any CPU.ActiveCfg = Release|Any CPU
		{31AB7877-6427-4304-A24D-F35AF32FE9C5}.Release|Any CPU.Build.0 = Release|Any CPU
		{D3325843-D047-4663-A872-03A6BF5DCFFD}.Debug|Any CPU.ActiveCfg = Debug|Any CPU
		{D3325843-D047-4663-A872-03A6BF5DCFFD}.Debug|Any CPU.Build.0 = Debug|Any CPU
		{D3325843-D047-4663-A872-03A6BF5DCFFD}.Release|Any CPU.ActiveCfg = Release|Any CPU
		{D3325843-D047-4663-A872-03A6BF5DCFFD}.Release|Any CPU.Build.0 = Release|Any CPU
		{8D997E88-4CF8-43AB-B339-F95CDAF55CAC}.Debug|Any CPU.ActiveCfg = Debug|Any CPU
		{8D997E88-4CF8-43AB-B339-F95CDAF55CAC}.Debug|Any CPU.Build.0 = Debug|Any CPU
		{8D997E88-4CF8-43AB-B339-F95CDAF55CAC}.Release|Any CPU.ActiveCfg = Release|Any CPU
		{8D997E88-4CF8-43AB-B339-F95CDAF55CAC}.Release|Any CPU.Build.0 = Release|Any CPU
		{9715F4E3-F041-4491-B461-EB6A7D0D0C65}.Debug|Any CPU.ActiveCfg = Debug|Any CPU
		{9715F4E3-F041-4491-B461-EB6A7D0D0C65}.Debug|Any CPU.Build.0 = Debug|Any CPU
		{9715F4E3-F041-4491-B461-EB6A7D0D0C65}.Release|Any CPU.ActiveCfg = Release|Any CPU
		{9715F4E3-F041-4491-B461-EB6A7D0D0C65}.Release|Any CPU.Build.0 = Release|Any CPU
		{9B7E0B0B-EF59-4EF2-AB05-0951BD149DEB}.Debug|Any CPU.ActiveCfg = Debug|Any CPU
		{9B7E0B0B-EF59-4EF2-AB05-0951BD149DEB}.Debug|Any CPU.Build.0 = Debug|Any CPU
		{9B7E0B0B-EF59-4EF2-AB05-0951BD149DEB}.Release|Any CPU.ActiveCfg = Release|Any CPU
		{9B7E0B0B-EF59-4EF2-AB05-0951BD149DEB}.Release|Any CPU.Build.0 = Release|Any CPU
		{6479FD41-3CA7-44FF-918E-FFCD4BC6A3B4}.Debug|Any CPU.ActiveCfg = Debug|Any CPU
		{6479FD41-3CA7-44FF-918E-FFCD4BC6A3B4}.Debug|Any CPU.Build.0 = Debug|Any CPU
		{6479FD41-3CA7-44FF-918E-FFCD4BC6A3B4}.Release|Any CPU.ActiveCfg = Release|Any CPU
		{6479FD41-3CA7-44FF-918E-FFCD4BC6A3B4}.Release|Any CPU.Build.0 = Release|Any CPU
		{5C964396-8F2D-4112-9330-84EBFDFD4678}.Debug|Any CPU.ActiveCfg = Debug|Any CPU
		{5C964396-8F2D-4112-9330-84EBFDFD4678}.Debug|Any CPU.Build.0 = Debug|Any CPU
		{5C964396-8F2D-4112-9330-84EBFDFD4678}.Release|Any CPU.ActiveCfg = Release|Any CPU
		{5C964396-8F2D-4112-9330-84EBFDFD4678}.Release|Any CPU.Build.0 = Release|Any CPU
		{43AF3DDF-8B8D-4E3A-94F1-0BDAAAD0FDC5}.Debug|Any CPU.ActiveCfg = Debug|Any CPU
		{43AF3DDF-8B8D-4E3A-94F1-0BDAAAD0FDC5}.Debug|Any CPU.Build.0 = Debug|Any CPU
		{43AF3DDF-8B8D-4E3A-94F1-0BDAAAD0FDC5}.Release|Any CPU.ActiveCfg = Release|Any CPU
		{43AF3DDF-8B8D-4E3A-94F1-0BDAAAD0FDC5}.Release|Any CPU.Build.0 = Release|Any CPU
		{6E6853A3-CCB5-4D96-BC76-CF35DF6CD855}.Debug|Any CPU.ActiveCfg = Debug|Any CPU
		{6E6853A3-CCB5-4D96-BC76-CF35DF6CD855}.Debug|Any CPU.Build.0 = Debug|Any CPU
		{6E6853A3-CCB5-4D96-BC76-CF35DF6CD855}.Release|Any CPU.ActiveCfg = Release|Any CPU
		{6E6853A3-CCB5-4D96-BC76-CF35DF6CD855}.Release|Any CPU.Build.0 = Release|Any CPU
		{41B4DD58-D089-4F80-A421-2125C4752D2D}.Debug|Any CPU.ActiveCfg = Debug|Any CPU
		{41B4DD58-D089-4F80-A421-2125C4752D2D}.Debug|Any CPU.Build.0 = Debug|Any CPU
		{41B4DD58-D089-4F80-A421-2125C4752D2D}.Release|Any CPU.ActiveCfg = Release|Any CPU
		{41B4DD58-D089-4F80-A421-2125C4752D2D}.Release|Any CPU.Build.0 = Release|Any CPU
		{8B056899-5EB5-4718-86E9-CC0C7CDC2BAB}.Debug|Any CPU.ActiveCfg = Debug|Any CPU
		{8B056899-5EB5-4718-86E9-CC0C7CDC2BAB}.Debug|Any CPU.Build.0 = Debug|Any CPU
		{8B056899-5EB5-4718-86E9-CC0C7CDC2BAB}.Release|Any CPU.ActiveCfg = Release|Any CPU
		{8B056899-5EB5-4718-86E9-CC0C7CDC2BAB}.Release|Any CPU.Build.0 = Release|Any CPU
		{0F9A6D95-6235-4B79-9E49-DE276DF5FB70}.Debug|Any CPU.ActiveCfg = Debug|Any CPU
		{0F9A6D95-6235-4B79-9E49-DE276DF5FB70}.Debug|Any CPU.Build.0 = Debug|Any CPU
		{0F9A6D95-6235-4B79-9E49-DE276DF5FB70}.Release|Any CPU.ActiveCfg = Release|Any CPU
		{0F9A6D95-6235-4B79-9E49-DE276DF5FB70}.Release|Any CPU.Build.0 = Release|Any CPU
		{2AC357D9-87F2-49B8-AF31-DC63FF7B4568}.Debug|Any CPU.ActiveCfg = Debug|Any CPU
		{2AC357D9-87F2-49B8-AF31-DC63FF7B4568}.Debug|Any CPU.Build.0 = Debug|Any CPU
		{2AC357D9-87F2-49B8-AF31-DC63FF7B4568}.Release|Any CPU.ActiveCfg = Release|Any CPU
		{2AC357D9-87F2-49B8-AF31-DC63FF7B4568}.Release|Any CPU.Build.0 = Release|Any CPU
		{AF99472A-1BB2-4E3D-BDA0-459FDDB0B8EC}.Debug|Any CPU.ActiveCfg = Debug|Any CPU
		{AF99472A-1BB2-4E3D-BDA0-459FDDB0B8EC}.Debug|Any CPU.Build.0 = Debug|Any CPU
		{AF99472A-1BB2-4E3D-BDA0-459FDDB0B8EC}.Release|Any CPU.ActiveCfg = Release|Any CPU
		{AF99472A-1BB2-4E3D-BDA0-459FDDB0B8EC}.Release|Any CPU.Build.0 = Release|Any CPU
		{53A8247B-160F-48A0-86CC-DD2034352BA4}.Debug|Any CPU.ActiveCfg = Debug|Any CPU
		{53A8247B-160F-48A0-86CC-DD2034352BA4}.Debug|Any CPU.Build.0 = Debug|Any CPU
		{53A8247B-160F-48A0-86CC-DD2034352BA4}.Release|Any CPU.ActiveCfg = Release|Any CPU
		{53A8247B-160F-48A0-86CC-DD2034352BA4}.Release|Any CPU.Build.0 = Release|Any CPU
		{21E3B085-5589-4457-B975-0735FC61C7D0}.Debug|Any CPU.ActiveCfg = Debug|Any CPU
		{21E3B085-5589-4457-B975-0735FC61C7D0}.Debug|Any CPU.Build.0 = Debug|Any CPU
		{21E3B085-5589-4457-B975-0735FC61C7D0}.Release|Any CPU.ActiveCfg = Release|Any CPU
		{21E3B085-5589-4457-B975-0735FC61C7D0}.Release|Any CPU.Build.0 = Release|Any CPU
		{C5F2D85E-FBBF-405E-AEF3-C48F338B6878}.Debug|Any CPU.ActiveCfg = Debug|Any CPU
		{C5F2D85E-FBBF-405E-AEF3-C48F338B6878}.Debug|Any CPU.Build.0 = Debug|Any CPU
		{C5F2D85E-FBBF-405E-AEF3-C48F338B6878}.Release|Any CPU.ActiveCfg = Release|Any CPU
		{C5F2D85E-FBBF-405E-AEF3-C48F338B6878}.Release|Any CPU.Build.0 = Release|Any CPU
		{825F4070-72E8-4725-BA38-92CF2FF70B68}.Debug|Any CPU.ActiveCfg = Debug|Any CPU
		{825F4070-72E8-4725-BA38-92CF2FF70B68}.Debug|Any CPU.Build.0 = Debug|Any CPU
		{825F4070-72E8-4725-BA38-92CF2FF70B68}.Release|Any CPU.ActiveCfg = Release|Any CPU
		{825F4070-72E8-4725-BA38-92CF2FF70B68}.Release|Any CPU.Build.0 = Release|Any CPU
		{551DE861-057F-43CE-8C20-43880C05E609}.Debug|Any CPU.ActiveCfg = Debug|Any CPU
		{551DE861-057F-43CE-8C20-43880C05E609}.Debug|Any CPU.Build.0 = Debug|Any CPU
		{551DE861-057F-43CE-8C20-43880C05E609}.Release|Any CPU.ActiveCfg = Release|Any CPU
		{551DE861-057F-43CE-8C20-43880C05E609}.Release|Any CPU.Build.0 = Release|Any CPU
		{5CDAC925-2110-49EA-8528-7D8BFDD53F2D}.Debug|Any CPU.ActiveCfg = Debug|Any CPU
		{5CDAC925-2110-49EA-8528-7D8BFDD53F2D}.Debug|Any CPU.Build.0 = Debug|Any CPU
		{5CDAC925-2110-49EA-8528-7D8BFDD53F2D}.Release|Any CPU.ActiveCfg = Release|Any CPU
		{5CDAC925-2110-49EA-8528-7D8BFDD53F2D}.Release|Any CPU.Build.0 = Release|Any CPU
		{2375D266-3A97-4816-9FC3-978CA665F272}.Debug|Any CPU.ActiveCfg = Debug|Any CPU
		{2375D266-3A97-4816-9FC3-978CA665F272}.Debug|Any CPU.Build.0 = Debug|Any CPU
		{2375D266-3A97-4816-9FC3-978CA665F272}.Release|Any CPU.ActiveCfg = Release|Any CPU
		{2375D266-3A97-4816-9FC3-978CA665F272}.Release|Any CPU.Build.0 = Release|Any CPU
		{AEE40E4A-6542-443F-BEB4-BE2E66B13D78}.Debug|Any CPU.ActiveCfg = Debug|Any CPU
		{AEE40E4A-6542-443F-BEB4-BE2E66B13D78}.Debug|Any CPU.Build.0 = Debug|Any CPU
		{AEE40E4A-6542-443F-BEB4-BE2E66B13D78}.Release|Any CPU.ActiveCfg = Release|Any CPU
		{AEE40E4A-6542-443F-BEB4-BE2E66B13D78}.Release|Any CPU.Build.0 = Release|Any CPU
		{D66864BF-0D8D-4C3E-9531-287B1FF6D925}.Debug|Any CPU.ActiveCfg = Debug|Any CPU
		{D66864BF-0D8D-4C3E-9531-287B1FF6D925}.Debug|Any CPU.Build.0 = Debug|Any CPU
		{D66864BF-0D8D-4C3E-9531-287B1FF6D925}.Release|Any CPU.ActiveCfg = Release|Any CPU
		{D66864BF-0D8D-4C3E-9531-287B1FF6D925}.Release|Any CPU.Build.0 = Release|Any CPU
		{42CFE5AE-9934-4A74-BAD4-A5CE14FDA92D}.Debug|Any CPU.ActiveCfg = Debug|Any CPU
		{42CFE5AE-9934-4A74-BAD4-A5CE14FDA92D}.Debug|Any CPU.Build.0 = Debug|Any CPU
		{42CFE5AE-9934-4A74-BAD4-A5CE14FDA92D}.Release|Any CPU.ActiveCfg = Release|Any CPU
		{42CFE5AE-9934-4A74-BAD4-A5CE14FDA92D}.Release|Any CPU.Build.0 = Release|Any CPU
		{71DF290E-5929-40AC-B63C-714450FBB5A1}.Debug|Any CPU.ActiveCfg = Debug|Any CPU
		{71DF290E-5929-40AC-B63C-714450FBB5A1}.Debug|Any CPU.Build.0 = Debug|Any CPU
		{71DF290E-5929-40AC-B63C-714450FBB5A1}.Release|Any CPU.ActiveCfg = Release|Any CPU
		{71DF290E-5929-40AC-B63C-714450FBB5A1}.Release|Any CPU.Build.0 = Release|Any CPU
		{D6967ED7-6379-43FF-AA09-37CB9052133E}.Debug|Any CPU.ActiveCfg = Debug|Any CPU
		{D6967ED7-6379-43FF-AA09-37CB9052133E}.Debug|Any CPU.Build.0 = Debug|Any CPU
		{D6967ED7-6379-43FF-AA09-37CB9052133E}.Release|Any CPU.ActiveCfg = Release|Any CPU
		{D6967ED7-6379-43FF-AA09-37CB9052133E}.Release|Any CPU.Build.0 = Release|Any CPU
		{BF2FC1D8-6D8B-41E4-81B5-793AA9B0FAFC}.Debug|Any CPU.ActiveCfg = Debug|Any CPU
		{BF2FC1D8-6D8B-41E4-81B5-793AA9B0FAFC}.Debug|Any CPU.Build.0 = Debug|Any CPU
		{BF2FC1D8-6D8B-41E4-81B5-793AA9B0FAFC}.Release|Any CPU.ActiveCfg = Release|Any CPU
		{BF2FC1D8-6D8B-41E4-81B5-793AA9B0FAFC}.Release|Any CPU.Build.0 = Release|Any CPU
		{802CB2B9-1CC6-4C6E-906B-9CF083971697}.Debug|Any CPU.ActiveCfg = Debug|Any CPU
		{802CB2B9-1CC6-4C6E-906B-9CF083971697}.Debug|Any CPU.Build.0 = Debug|Any CPU
		{802CB2B9-1CC6-4C6E-906B-9CF083971697}.Release|Any CPU.ActiveCfg = Release|Any CPU
		{802CB2B9-1CC6-4C6E-906B-9CF083971697}.Release|Any CPU.Build.0 = Release|Any CPU
		{AA186427-E355-4169-83C2-A67200AF10E8}.Debug|Any CPU.ActiveCfg = Debug|Any CPU
		{AA186427-E355-4169-83C2-A67200AF10E8}.Debug|Any CPU.Build.0 = Debug|Any CPU
		{AA186427-E355-4169-83C2-A67200AF10E8}.Release|Any CPU.ActiveCfg = Release|Any CPU
		{AA186427-E355-4169-83C2-A67200AF10E8}.Release|Any CPU.Build.0 = Release|Any CPU
		{2851691C-D79B-4C92-8B63-B10BF091FF08}.Debug|Any CPU.ActiveCfg = Debug|Any CPU
		{2851691C-D79B-4C92-8B63-B10BF091FF08}.Debug|Any CPU.Build.0 = Debug|Any CPU
		{2851691C-D79B-4C92-8B63-B10BF091FF08}.Release|Any CPU.ActiveCfg = Release|Any CPU
		{2851691C-D79B-4C92-8B63-B10BF091FF08}.Release|Any CPU.Build.0 = Release|Any CPU
		{B481F4C4-46D0-4CD3-9E73-BA066993C8ED}.Debug|Any CPU.ActiveCfg = Debug|Any CPU
		{B481F4C4-46D0-4CD3-9E73-BA066993C8ED}.Debug|Any CPU.Build.0 = Debug|Any CPU
		{B481F4C4-46D0-4CD3-9E73-BA066993C8ED}.Release|Any CPU.ActiveCfg = Release|Any CPU
		{B481F4C4-46D0-4CD3-9E73-BA066993C8ED}.Release|Any CPU.Build.0 = Release|Any CPU
		{68934F6C-FD91-4398-83F1-1AFACAD1315F}.Debug|Any CPU.ActiveCfg = Debug|Any CPU
		{68934F6C-FD91-4398-83F1-1AFACAD1315F}.Debug|Any CPU.Build.0 = Debug|Any CPU
		{68934F6C-FD91-4398-83F1-1AFACAD1315F}.Release|Any CPU.ActiveCfg = Release|Any CPU
		{68934F6C-FD91-4398-83F1-1AFACAD1315F}.Release|Any CPU.Build.0 = Release|Any CPU
		{57785F5B-73F6-476A-BB4E-41BCA142A2BF}.Debug|Any CPU.ActiveCfg = Debug|Any CPU
		{57785F5B-73F6-476A-BB4E-41BCA142A2BF}.Debug|Any CPU.Build.0 = Debug|Any CPU
		{57785F5B-73F6-476A-BB4E-41BCA142A2BF}.Release|Any CPU.ActiveCfg = Release|Any CPU
		{57785F5B-73F6-476A-BB4E-41BCA142A2BF}.Release|Any CPU.Build.0 = Release|Any CPU
		{D5A0F972-27F2-49D1-A4A2-A94F18F04E98}.Debug|Any CPU.ActiveCfg = Debug|Any CPU
		{D5A0F972-27F2-49D1-A4A2-A94F18F04E98}.Debug|Any CPU.Build.0 = Debug|Any CPU
		{D5A0F972-27F2-49D1-A4A2-A94F18F04E98}.Release|Any CPU.ActiveCfg = Release|Any CPU
		{D5A0F972-27F2-49D1-A4A2-A94F18F04E98}.Release|Any CPU.Build.0 = Release|Any CPU
		{B08F6518-2EAF-4C87-814E-9762C3C66C98}.Debug|Any CPU.ActiveCfg = Debug|Any CPU
		{B08F6518-2EAF-4C87-814E-9762C3C66C98}.Debug|Any CPU.Build.0 = Debug|Any CPU
		{B08F6518-2EAF-4C87-814E-9762C3C66C98}.Release|Any CPU.ActiveCfg = Release|Any CPU
		{B08F6518-2EAF-4C87-814E-9762C3C66C98}.Release|Any CPU.Build.0 = Release|Any CPU
	EndGlobalSection
	GlobalSection(SolutionProperties) = preSolution
		HideSolutionNode = FALSE
	EndGlobalSection
	GlobalSection(NestedProjects) = preSolution
		{0B01BB44-FCFE-4371-8FCA-691476C04DEC} = {83FE94AC-9E29-43DB-BB23-CA9919341EF6}
		{793CE103-AE3D-480F-B7C3-D6CB21EAFA4A} = {83FE94AC-9E29-43DB-BB23-CA9919341EF6}
		{0C44484B-F03E-4D0E-BCCE-9E2A9FA69A81} = {8774C7B0-B1AF-4DC3-A01F-96B225DB3846}
		{6575E6AF-7F9D-4A47-9D42-4051286CE9C0} = {8774C7B0-B1AF-4DC3-A01F-96B225DB3846}
		{D70706DF-7093-4C5D-8D94-CC1C8D88B342} = {8774C7B0-B1AF-4DC3-A01F-96B225DB3846}
		{31AB7877-6427-4304-A24D-F35AF32FE9C5} = {8774C7B0-B1AF-4DC3-A01F-96B225DB3846}
		{D3325843-D047-4663-A872-03A6BF5DCFFD} = {8774C7B0-B1AF-4DC3-A01F-96B225DB3846}
		{8D997E88-4CF8-43AB-B339-F95CDAF55CAC} = {8774C7B0-B1AF-4DC3-A01F-96B225DB3846}
		{9715F4E3-F041-4491-B461-EB6A7D0D0C65} = {8774C7B0-B1AF-4DC3-A01F-96B225DB3846}
		{9B7E0B0B-EF59-4EF2-AB05-0951BD149DEB} = {8774C7B0-B1AF-4DC3-A01F-96B225DB3846}
		{6479FD41-3CA7-44FF-918E-FFCD4BC6A3B4} = {8774C7B0-B1AF-4DC3-A01F-96B225DB3846}
		{5C964396-8F2D-4112-9330-84EBFDFD4678} = {8774C7B0-B1AF-4DC3-A01F-96B225DB3846}
		{43AF3DDF-8B8D-4E3A-94F1-0BDAAAD0FDC5} = {8774C7B0-B1AF-4DC3-A01F-96B225DB3846}
		{6E6853A3-CCB5-4D96-BC76-CF35DF6CD855} = {8774C7B0-B1AF-4DC3-A01F-96B225DB3846}
		{41B4DD58-D089-4F80-A421-2125C4752D2D} = {8774C7B0-B1AF-4DC3-A01F-96B225DB3846}
		{8B056899-5EB5-4718-86E9-CC0C7CDC2BAB} = {8774C7B0-B1AF-4DC3-A01F-96B225DB3846}
		{0F9A6D95-6235-4B79-9E49-DE276DF5FB70} = {8774C7B0-B1AF-4DC3-A01F-96B225DB3846}
		{2AC357D9-87F2-49B8-AF31-DC63FF7B4568} = {8774C7B0-B1AF-4DC3-A01F-96B225DB3846}
		{AF99472A-1BB2-4E3D-BDA0-459FDDB0B8EC} = {21708307-D5B7-4036-A78C-4805E1B3E8F0}
		{53A8247B-160F-48A0-86CC-DD2034352BA4} = {21708307-D5B7-4036-A78C-4805E1B3E8F0}
		{21E3B085-5589-4457-B975-0735FC61C7D0} = {21708307-D5B7-4036-A78C-4805E1B3E8F0}
		{C5F2D85E-FBBF-405E-AEF3-C48F338B6878} = {21708307-D5B7-4036-A78C-4805E1B3E8F0}
		{825F4070-72E8-4725-BA38-92CF2FF70B68} = {FE8114A5-C23A-4DE5-A1C8-A38E43980465}
		{551DE861-057F-43CE-8C20-43880C05E609} = {FE8114A5-C23A-4DE5-A1C8-A38E43980465}
		{5CDAC925-2110-49EA-8528-7D8BFDD53F2D} = {FE8114A5-C23A-4DE5-A1C8-A38E43980465}
		{2375D266-3A97-4816-9FC3-978CA665F272} = {FE8114A5-C23A-4DE5-A1C8-A38E43980465}
		{AEE40E4A-6542-443F-BEB4-BE2E66B13D78} = {FE8114A5-C23A-4DE5-A1C8-A38E43980465}
		{D66864BF-0D8D-4C3E-9531-287B1FF6D925} = {FE8114A5-C23A-4DE5-A1C8-A38E43980465}
		{42CFE5AE-9934-4A74-BAD4-A5CE14FDA92D} = {FE8114A5-C23A-4DE5-A1C8-A38E43980465}
		{71DF290E-5929-40AC-B63C-714450FBB5A1} = {FE8114A5-C23A-4DE5-A1C8-A38E43980465}
		{D6967ED7-6379-43FF-AA09-37CB9052133E} = {FE8114A5-C23A-4DE5-A1C8-A38E43980465}
		{BF2FC1D8-6D8B-41E4-81B5-793AA9B0FAFC} = {FE8114A5-C23A-4DE5-A1C8-A38E43980465}
		{802CB2B9-1CC6-4C6E-906B-9CF083971697} = {FE8114A5-C23A-4DE5-A1C8-A38E43980465}
		{AA186427-E355-4169-83C2-A67200AF10E8} = {FE8114A5-C23A-4DE5-A1C8-A38E43980465}
		{2851691C-D79B-4C92-8B63-B10BF091FF08} = {FE8114A5-C23A-4DE5-A1C8-A38E43980465}
		{B481F4C4-46D0-4CD3-9E73-BA066993C8ED} = {FE8114A5-C23A-4DE5-A1C8-A38E43980465}
		{68934F6C-FD91-4398-83F1-1AFACAD1315F} = {FE8114A5-C23A-4DE5-A1C8-A38E43980465}
		{57785F5B-73F6-476A-BB4E-41BCA142A2BF} = {FE8114A5-C23A-4DE5-A1C8-A38E43980465}
		{D5A0F972-27F2-49D1-A4A2-A94F18F04E98} = {FE8114A5-C23A-4DE5-A1C8-A38E43980465}
		{B08F6518-2EAF-4C87-814E-9762C3C66C98} = {FE8114A5-C23A-4DE5-A1C8-A38E43980465}
	EndGlobalSection
	GlobalSection(ExtensibilityGlobals) = postSolution
		SolutionGuid = {E8136BE6-C941-4182-8122-082C23D8C378}
	EndGlobalSection
EndGlobal
