
Microsoft Visual Studio Solution File, Format Version 12.00
# Visual Studio Version 16
VisualStudioVersion = 16.0.31424.327
MinimumVisualStudioVersion = 10.0.40219.1
Project("{9A19103F-16F7-4668-BE54-9A1E7A4F7556}") = "DynamicList", "D:\C#\C# Development\Data Structures-C#\01. Data-Structures-and-Complexity-CSharp-Demos\DynamicList\DynamicList.csproj", "{AFF7B5B0-C95A-4F91-BE63-13254327761A}"
EndProject
Project("{9A19103F-16F7-4668-BE54-9A1E7A4F7556}") = "StaticList", "D:\C#\C# Development\Data Structures-C#\01. Data-Structures-and-Complexity-CSharp-Demos\StaticList\StaticList.csproj", "{30D81060-77FE-4646-8834-5F69A5C033CA}"
EndProject
Project("{2150E333-8FDC-42A3-9474-1A3956D46DE8}") = "Complexity", "Complexity", "{5A8F4428-9235-4C34-BEA6-64D4E056DEA0}"
EndProject
Project("{2150E333-8FDC-42A3-9474-1A3956D46DE8}") = "LinearDataStructures", "LinearDataStructures", "{35E8A53F-3924-4F0D-A78B-5E6E16FC81EB}"
EndProject
Project("{9A19103F-16F7-4668-BE54-9A1E7A4F7556}") = "Problem01.List", "D:\C#\C# Development\Data Structures-C#\02. Data-Structures-Linear-Data-Structures-Lab-Skeleton\Problem01.List\Problem01.List.csproj", "{C678EDAA-70F7-4CD4-ACAD-1C91DB5198F5}"
EndProject
Project("{9A19103F-16F7-4668-BE54-9A1E7A4F7556}") = "Problem01.List.Tests", "D:\C#\C# Development\Data Structures-C#\02. Data-Structures-Linear-Data-Structures-Lab-Skeleton\Problem01.List.Tests\Problem01.List.Tests.csproj", "{08386E9F-EEE0-407C-A0C4-80E1CA3362F9}"
EndProject
Project("{9A19103F-16F7-4668-BE54-9A1E7A4F7556}") = "Problem02.Stack", "D:\C#\C# Development\Data Structures-C#\02. Data-Structures-Linear-Data-Structures-Lab-Skeleton\Problem02.Stack\Problem02.Stack.csproj", "{F7AE3108-A60B-4458-B459-4D8A9EEFD470}"
EndProject
Project("{9A19103F-16F7-4668-BE54-9A1E7A4F7556}") = "Problem02.Stack.Tests", "D:\C#\C# Development\Data Structures-C#\02. Data-Structures-Linear-Data-Structures-Lab-Skeleton\Problem02.Stack.Tests\Problem02.Stack.Tests.csproj", "{E3420431-6F99-45CC-8385-1D47852C43B4}"
EndProject
Project("{9A19103F-16F7-4668-BE54-9A1E7A4F7556}") = "Problem03.Queue", "D:\C#\C# Development\Data Structures-C#\02. Data-Structures-Linear-Data-Structures-Lab-Skeleton\Problem03.Queue\Problem03.Queue.csproj", "{72C444E8-D430-4A4E-8EB6-B9171D7B8173}"
EndProject
Project("{9A19103F-16F7-4668-BE54-9A1E7A4F7556}") = "Problem03.Queue.Tests", "D:\C#\C# Development\Data Structures-C#\02. Data-Structures-Linear-Data-Structures-Lab-Skeleton\Problem03.Queue.Tests\Problem03.Queue.Tests.csproj", "{54826107-FE87-4016-8D75-A0CAEF246097}"
EndProject
Project("{9A19103F-16F7-4668-BE54-9A1E7A4F7556}") = "Problem04.SinglyLinkedList", "D:\C#\C# Development\Data Structures-C#\02. Data-Structures-Linear-Data-Structures-Lab-Skeleton\Problem04.SinglyLinkedList\Problem04.SinglyLinkedList.csproj", "{B576B7C0-9737-4B29-B1DC-389C8686705B}"
EndProject
Project("{9A19103F-16F7-4668-BE54-9A1E7A4F7556}") = "SinglyLinkedList.Tests", "D:\C#\C# Development\Data Structures-C#\02. Data-Structures-Linear-Data-Structures-Lab-Skeleton\SinglyLinkedList.Tests\SinglyLinkedList.Tests.csproj", "{011AD505-A3F1-40D4-98E3-26A42E74BFE0}"
EndProject
Project("{9A19103F-16F7-4668-BE54-9A1E7A4F7556}") = "01.FasterQueue", "D:\C#\C# Development\Data Structures-C#\03. Linear-Data-Structures-Exercise-Skeleton\01.FasterQueue\01.FasterQueue.csproj", "{1DC17618-AAA8-46AF-AB19-BA2E0C6451B4}"
EndProject
Project("{9A19103F-16F7-4668-BE54-9A1E7A4F7556}") = "01.FasterQueue.Tests", "D:\C#\C# Development\Data Structures-C#\03. Linear-Data-Structures-Exercise-Skeleton\01.FasterQueue.Tests\01.FasterQueue.Tests.csproj", "{B0BE7D79-EDF1-4718-847D-5645586C710F}"
EndProject
Project("{9A19103F-16F7-4668-BE54-9A1E7A4F7556}") = "02.DoublyLinkedList", "D:\C#\C# Development\Data Structures-C#\03. Linear-Data-Structures-Exercise-Skeleton\02.DoublyLinkedList\02.DoublyLinkedList.csproj", "{F4BAB214-5D42-4BE4-862D-508511DE8C56}"
EndProject
Project("{9A19103F-16F7-4668-BE54-9A1E7A4F7556}") = "02.DoublyLinkedList.Tests", "D:\C#\C# Development\Data Structures-C#\03. Linear-Data-Structures-Exercise-Skeleton\02.DoublyLinkedList.Tests\02.DoublyLinkedList.Tests.csproj", "{78628BC0-F78E-4628-AAD3-5CAE1A436335}"
EndProject
Project("{9A19103F-16F7-4668-BE54-9A1E7A4F7556}") = "03.ReversedList", "D:\C#\C# Development\Data Structures-C#\03. Linear-Data-Structures-Exercise-Skeleton\03.ReversedList\03.ReversedList.csproj", "{0A352AB4-C9B5-4C45-8533-EBBEFF6FEFFE}"
EndProject
Project("{9A19103F-16F7-4668-BE54-9A1E7A4F7556}") = "03.ReversedList.Tests", "D:\C#\C# Development\Data Structures-C#\03. Linear-Data-Structures-Exercise-Skeleton\03.ReversedList.Tests\03.ReversedList.Tests.csproj", "{6BB22171-9E0E-4251-BEB3-AC9E166FFB36}"
EndProject
Project("{9A19103F-16F7-4668-BE54-9A1E7A4F7556}") = "04.BalancedParentheses", "D:\C#\C# Development\Data Structures-C#\03. Linear-Data-Structures-Exercise-Skeleton\04.BalancedParentheses\04.BalancedParentheses.csproj", "{39492F43-1329-46F7-B2A7-7F6359BCBDC4}"
EndProject
Project("{9A19103F-16F7-4668-BE54-9A1E7A4F7556}") = "04.BP.Tests", "D:\C#\C# Development\Data Structures-C#\03. Linear-Data-Structures-Exercise-Skeleton\04.BP.Tests\04.BP.Tests.csproj", "{D4DE823D-CD0C-4B6A-A359-B457EF2A0EC0}"
EndProject
Global
	GlobalSection(SolutionConfigurationPlatforms) = preSolution
		Debug|Any CPU = Debug|Any CPU
		Release|Any CPU = Release|Any CPU
	EndGlobalSection
	GlobalSection(ProjectConfigurationPlatforms) = postSolution
		{AFF7B5B0-C95A-4F91-BE63-13254327761A}.Debug|Any CPU.ActiveCfg = Debug|Any CPU
		{AFF7B5B0-C95A-4F91-BE63-13254327761A}.Debug|Any CPU.Build.0 = Debug|Any CPU
		{AFF7B5B0-C95A-4F91-BE63-13254327761A}.Release|Any CPU.ActiveCfg = Release|Any CPU
		{AFF7B5B0-C95A-4F91-BE63-13254327761A}.Release|Any CPU.Build.0 = Release|Any CPU
		{30D81060-77FE-4646-8834-5F69A5C033CA}.Debug|Any CPU.ActiveCfg = Debug|Any CPU
		{30D81060-77FE-4646-8834-5F69A5C033CA}.Debug|Any CPU.Build.0 = Debug|Any CPU
		{30D81060-77FE-4646-8834-5F69A5C033CA}.Release|Any CPU.ActiveCfg = Release|Any CPU
		{30D81060-77FE-4646-8834-5F69A5C033CA}.Release|Any CPU.Build.0 = Release|Any CPU
		{C678EDAA-70F7-4CD4-ACAD-1C91DB5198F5}.Debug|Any CPU.ActiveCfg = Debug|Any CPU
		{C678EDAA-70F7-4CD4-ACAD-1C91DB5198F5}.Debug|Any CPU.Build.0 = Debug|Any CPU
		{C678EDAA-70F7-4CD4-ACAD-1C91DB5198F5}.Release|Any CPU.ActiveCfg = Release|Any CPU
		{C678EDAA-70F7-4CD4-ACAD-1C91DB5198F5}.Release|Any CPU.Build.0 = Release|Any CPU
		{08386E9F-EEE0-407C-A0C4-80E1CA3362F9}.Debug|Any CPU.ActiveCfg = Debug|Any CPU
		{08386E9F-EEE0-407C-A0C4-80E1CA3362F9}.Debug|Any CPU.Build.0 = Debug|Any CPU
		{08386E9F-EEE0-407C-A0C4-80E1CA3362F9}.Release|Any CPU.ActiveCfg = Release|Any CPU
		{08386E9F-EEE0-407C-A0C4-80E1CA3362F9}.Release|Any CPU.Build.0 = Release|Any CPU
		{F7AE3108-A60B-4458-B459-4D8A9EEFD470}.Debug|Any CPU.ActiveCfg = Debug|Any CPU
		{F7AE3108-A60B-4458-B459-4D8A9EEFD470}.Debug|Any CPU.Build.0 = Debug|Any CPU
		{F7AE3108-A60B-4458-B459-4D8A9EEFD470}.Release|Any CPU.ActiveCfg = Release|Any CPU
		{F7AE3108-A60B-4458-B459-4D8A9EEFD470}.Release|Any CPU.Build.0 = Release|Any CPU
		{E3420431-6F99-45CC-8385-1D47852C43B4}.Debug|Any CPU.ActiveCfg = Debug|Any CPU
		{E3420431-6F99-45CC-8385-1D47852C43B4}.Debug|Any CPU.Build.0 = Debug|Any CPU
		{E3420431-6F99-45CC-8385-1D47852C43B4}.Release|Any CPU.ActiveCfg = Release|Any CPU
		{E3420431-6F99-45CC-8385-1D47852C43B4}.Release|Any CPU.Build.0 = Release|Any CPU
		{72C444E8-D430-4A4E-8EB6-B9171D7B8173}.Debug|Any CPU.ActiveCfg = Debug|Any CPU
		{72C444E8-D430-4A4E-8EB6-B9171D7B8173}.Debug|Any CPU.Build.0 = Debug|Any CPU
		{72C444E8-D430-4A4E-8EB6-B9171D7B8173}.Release|Any CPU.ActiveCfg = Release|Any CPU
		{72C444E8-D430-4A4E-8EB6-B9171D7B8173}.Release|Any CPU.Build.0 = Release|Any CPU
		{54826107-FE87-4016-8D75-A0CAEF246097}.Debug|Any CPU.ActiveCfg = Debug|Any CPU
		{54826107-FE87-4016-8D75-A0CAEF246097}.Debug|Any CPU.Build.0 = Debug|Any CPU
		{54826107-FE87-4016-8D75-A0CAEF246097}.Release|Any CPU.ActiveCfg = Release|Any CPU
		{54826107-FE87-4016-8D75-A0CAEF246097}.Release|Any CPU.Build.0 = Release|Any CPU
		{B576B7C0-9737-4B29-B1DC-389C8686705B}.Debug|Any CPU.ActiveCfg = Debug|Any CPU
		{B576B7C0-9737-4B29-B1DC-389C8686705B}.Debug|Any CPU.Build.0 = Debug|Any CPU
		{B576B7C0-9737-4B29-B1DC-389C8686705B}.Release|Any CPU.ActiveCfg = Release|Any CPU
		{B576B7C0-9737-4B29-B1DC-389C8686705B}.Release|Any CPU.Build.0 = Release|Any CPU
		{011AD505-A3F1-40D4-98E3-26A42E74BFE0}.Debug|Any CPU.ActiveCfg = Debug|Any CPU
		{011AD505-A3F1-40D4-98E3-26A42E74BFE0}.Debug|Any CPU.Build.0 = Debug|Any CPU
		{011AD505-A3F1-40D4-98E3-26A42E74BFE0}.Release|Any CPU.ActiveCfg = Release|Any CPU
		{011AD505-A3F1-40D4-98E3-26A42E74BFE0}.Release|Any CPU.Build.0 = Release|Any CPU
		{1DC17618-AAA8-46AF-AB19-BA2E0C6451B4}.Debug|Any CPU.ActiveCfg = Debug|Any CPU
		{1DC17618-AAA8-46AF-AB19-BA2E0C6451B4}.Debug|Any CPU.Build.0 = Debug|Any CPU
		{1DC17618-AAA8-46AF-AB19-BA2E0C6451B4}.Release|Any CPU.ActiveCfg = Release|Any CPU
		{1DC17618-AAA8-46AF-AB19-BA2E0C6451B4}.Release|Any CPU.Build.0 = Release|Any CPU
		{B0BE7D79-EDF1-4718-847D-5645586C710F}.Debug|Any CPU.ActiveCfg = Debug|Any CPU
		{B0BE7D79-EDF1-4718-847D-5645586C710F}.Debug|Any CPU.Build.0 = Debug|Any CPU
		{B0BE7D79-EDF1-4718-847D-5645586C710F}.Release|Any CPU.ActiveCfg = Release|Any CPU
		{B0BE7D79-EDF1-4718-847D-5645586C710F}.Release|Any CPU.Build.0 = Release|Any CPU
		{F4BAB214-5D42-4BE4-862D-508511DE8C56}.Debug|Any CPU.ActiveCfg = Debug|Any CPU
		{F4BAB214-5D42-4BE4-862D-508511DE8C56}.Debug|Any CPU.Build.0 = Debug|Any CPU
		{F4BAB214-5D42-4BE4-862D-508511DE8C56}.Release|Any CPU.ActiveCfg = Release|Any CPU
		{F4BAB214-5D42-4BE4-862D-508511DE8C56}.Release|Any CPU.Build.0 = Release|Any CPU
		{78628BC0-F78E-4628-AAD3-5CAE1A436335}.Debug|Any CPU.ActiveCfg = Debug|Any CPU
		{78628BC0-F78E-4628-AAD3-5CAE1A436335}.Debug|Any CPU.Build.0 = Debug|Any CPU
		{78628BC0-F78E-4628-AAD3-5CAE1A436335}.Release|Any CPU.ActiveCfg = Release|Any CPU
		{78628BC0-F78E-4628-AAD3-5CAE1A436335}.Release|Any CPU.Build.0 = Release|Any CPU
		{0A352AB4-C9B5-4C45-8533-EBBEFF6FEFFE}.Debug|Any CPU.ActiveCfg = Debug|Any CPU
		{0A352AB4-C9B5-4C45-8533-EBBEFF6FEFFE}.Debug|Any CPU.Build.0 = Debug|Any CPU
		{0A352AB4-C9B5-4C45-8533-EBBEFF6FEFFE}.Release|Any CPU.ActiveCfg = Release|Any CPU
		{0A352AB4-C9B5-4C45-8533-EBBEFF6FEFFE}.Release|Any CPU.Build.0 = Release|Any CPU
		{6BB22171-9E0E-4251-BEB3-AC9E166FFB36}.Debug|Any CPU.ActiveCfg = Debug|Any CPU
		{6BB22171-9E0E-4251-BEB3-AC9E166FFB36}.Debug|Any CPU.Build.0 = Debug|Any CPU
		{6BB22171-9E0E-4251-BEB3-AC9E166FFB36}.Release|Any CPU.ActiveCfg = Release|Any CPU
		{6BB22171-9E0E-4251-BEB3-AC9E166FFB36}.Release|Any CPU.Build.0 = Release|Any CPU
		{39492F43-1329-46F7-B2A7-7F6359BCBDC4}.Debug|Any CPU.ActiveCfg = Debug|Any CPU
		{39492F43-1329-46F7-B2A7-7F6359BCBDC4}.Debug|Any CPU.Build.0 = Debug|Any CPU
		{39492F43-1329-46F7-B2A7-7F6359BCBDC4}.Release|Any CPU.ActiveCfg = Release|Any CPU
		{39492F43-1329-46F7-B2A7-7F6359BCBDC4}.Release|Any CPU.Build.0 = Release|Any CPU
		{D4DE823D-CD0C-4B6A-A359-B457EF2A0EC0}.Debug|Any CPU.ActiveCfg = Debug|Any CPU
		{D4DE823D-CD0C-4B6A-A359-B457EF2A0EC0}.Debug|Any CPU.Build.0 = Debug|Any CPU
		{D4DE823D-CD0C-4B6A-A359-B457EF2A0EC0}.Release|Any CPU.ActiveCfg = Release|Any CPU
		{D4DE823D-CD0C-4B6A-A359-B457EF2A0EC0}.Release|Any CPU.Build.0 = Release|Any CPU
	EndGlobalSection
	GlobalSection(SolutionProperties) = preSolution
		HideSolutionNode = FALSE
	EndGlobalSection
	GlobalSection(NestedProjects) = preSolution
		{AFF7B5B0-C95A-4F91-BE63-13254327761A} = {5A8F4428-9235-4C34-BEA6-64D4E056DEA0}
		{30D81060-77FE-4646-8834-5F69A5C033CA} = {5A8F4428-9235-4C34-BEA6-64D4E056DEA0}
		{C678EDAA-70F7-4CD4-ACAD-1C91DB5198F5} = {35E8A53F-3924-4F0D-A78B-5E6E16FC81EB}
		{08386E9F-EEE0-407C-A0C4-80E1CA3362F9} = {35E8A53F-3924-4F0D-A78B-5E6E16FC81EB}
		{F7AE3108-A60B-4458-B459-4D8A9EEFD470} = {35E8A53F-3924-4F0D-A78B-5E6E16FC81EB}
		{E3420431-6F99-45CC-8385-1D47852C43B4} = {35E8A53F-3924-4F0D-A78B-5E6E16FC81EB}
		{72C444E8-D430-4A4E-8EB6-B9171D7B8173} = {35E8A53F-3924-4F0D-A78B-5E6E16FC81EB}
		{54826107-FE87-4016-8D75-A0CAEF246097} = {35E8A53F-3924-4F0D-A78B-5E6E16FC81EB}
		{B576B7C0-9737-4B29-B1DC-389C8686705B} = {35E8A53F-3924-4F0D-A78B-5E6E16FC81EB}
		{011AD505-A3F1-40D4-98E3-26A42E74BFE0} = {35E8A53F-3924-4F0D-A78B-5E6E16FC81EB}
		{1DC17618-AAA8-46AF-AB19-BA2E0C6451B4} = {35E8A53F-3924-4F0D-A78B-5E6E16FC81EB}
		{B0BE7D79-EDF1-4718-847D-5645586C710F} = {35E8A53F-3924-4F0D-A78B-5E6E16FC81EB}
		{F4BAB214-5D42-4BE4-862D-508511DE8C56} = {35E8A53F-3924-4F0D-A78B-5E6E16FC81EB}
		{78628BC0-F78E-4628-AAD3-5CAE1A436335} = {35E8A53F-3924-4F0D-A78B-5E6E16FC81EB}
		{0A352AB4-C9B5-4C45-8533-EBBEFF6FEFFE} = {35E8A53F-3924-4F0D-A78B-5E6E16FC81EB}
		{6BB22171-9E0E-4251-BEB3-AC9E166FFB36} = {35E8A53F-3924-4F0D-A78B-5E6E16FC81EB}
		{39492F43-1329-46F7-B2A7-7F6359BCBDC4} = {35E8A53F-3924-4F0D-A78B-5E6E16FC81EB}
		{D4DE823D-CD0C-4B6A-A359-B457EF2A0EC0} = {35E8A53F-3924-4F0D-A78B-5E6E16FC81EB}
	EndGlobalSection
	GlobalSection(ExtensibilityGlobals) = postSolution
		SolutionGuid = {E8136BE6-C941-4182-8122-082C23D8C378}
	EndGlobalSection
EndGlobal
